// !$*UTF8*$!
{
	archiveVersion = 1;
	classes = {
	};
	objectVersion = 55;
	objects = {

/* Begin PBXBuildFile section */
		580C9F8B28EAA3EB00D2F26B /* korzinka. .swift in Sources */ = {isa = PBXBuildFile; fileRef = 580C9F8A28EAA3EB00D2F26B /* korzinka. .swift */; };
		581406CC289E726C0039F10F /* HomeView.swift in Sources */ = {isa = PBXBuildFile; fileRef = 581406CB289E726C0039F10F /* HomeView.swift */; };
		581406D0289E72860039F10F /* ProfileView.swift in Sources */ = {isa = PBXBuildFile; fileRef = 581406CF289E72860039F10F /* ProfileView.swift */; };
		581406D2289E74270039F10F /* TabBaController.swift in Sources */ = {isa = PBXBuildFile; fileRef = 581406D1289E74270039F10F /* TabBaController.swift */; };
		582EF8BF289FC33B0074638A /* HomeImageCell.swift in Sources */ = {isa = PBXBuildFile; fileRef = 582EF8BE289FC33B0074638A /* HomeImageCell.swift */; };
		583122FE28A508EB00298E53 /* ColorPage.swift in Sources */ = {isa = PBXBuildFile; fileRef = 583122FD28A508EB00298E53 /* ColorPage.swift */; };
		5831230028A5097200298E53 /* image.swift in Sources */ = {isa = PBXBuildFile; fileRef = 583122FF28A5097200298E53 /* image.swift */; };
		588C0C2E289E65600046B606 /* AppDelegate.swift in Sources */ = {isa = PBXBuildFile; fileRef = 588C0C2D289E65600046B606 /* AppDelegate.swift */; };
		588C0C30289E65600046B606 /* SceneDelegate.swift in Sources */ = {isa = PBXBuildFile; fileRef = 588C0C2F289E65600046B606 /* SceneDelegate.swift */; };
		588C0C35289E65600046B606 /* Main.storyboard in Resources */ = {isa = PBXBuildFile; fileRef = 588C0C33289E65600046B606 /* Main.storyboard */; };
		588C0C38289E65600046B606 /* Mobi_Uz_Project.xcdatamodeld in Sources */ = {isa = PBXBuildFile; fileRef = 588C0C36289E65600046B606 /* Mobi_Uz_Project.xcdatamodeld */; };
		588C0C3A289E65610046B606 /* Assets.xcassets in Resources */ = {isa = PBXBuildFile; fileRef = 588C0C39289E65610046B606 /* Assets.xcassets */; };
		588C0C3D289E65610046B606 /* LaunchScreen.storyboard in Resources */ = {isa = PBXBuildFile; fileRef = 588C0C3B289E65610046B606 /* LaunchScreen.storyboard */; };
		DEE99C94D871E827E86FDF71 /* Pods_Mobi_Uz_Project.framework in Frameworks */ = {isa = PBXBuildFile; fileRef = D1BDE999EB65C61783EED613 /* Pods_Mobi_Uz_Project.framework */; };
/* End PBXBuildFile section */

/* Begin PBXFileReference section */
		580C9F8A28EAA3EB00D2F26B /* korzinka. .swift */ = {isa = PBXFileReference; lastKnownFileType = sourcecode.swift; path = "korzinka. .swift"; sourceTree = "<group>"; };
		581406CB289E726C0039F10F /* HomeView.swift */ = {isa = PBXFileReference; lastKnownFileType = sourcecode.swift; path = HomeView.swift; sourceTree = "<group>"; };
		581406CF289E72860039F10F /* ProfileView.swift */ = {isa = PBXFileReference; lastKnownFileType = sourcecode.swift; path = ProfileView.swift; sourceTree = "<group>"; };
		581406D1289E74270039F10F /* TabBaController.swift */ = {isa = PBXFileReference; lastKnownFileType = sourcecode.swift; path = TabBaController.swift; sourceTree = "<group>"; };
		582EF8BE289FC33B0074638A /* HomeImageCell.swift */ = {isa = PBXFileReference; lastKnownFileType = sourcecode.swift; path = HomeImageCell.swift; sourceTree = "<group>"; };
		583122FD28A508EB00298E53 /* ColorPage.swift */ = {isa = PBXFileReference; lastKnownFileType = sourcecode.swift; path = ColorPage.swift; sourceTree = "<group>"; };
		583122FF28A5097200298E53 /* image.swift */ = {isa = PBXFileReference; lastKnownFileType = sourcecode.swift; path = image.swift; sourceTree = "<group>"; };
		588C0C2A289E65600046B606 /* Mobi Uz Project.app */ = {isa = PBXFileReference; explicitFileType = wrapper.application; includeInIndex = 0; path = "Mobi Uz Project.app"; sourceTree = BUILT_PRODUCTS_DIR; };
		588C0C2D289E65600046B606 /* AppDelegate.swift */ = {isa = PBXFileReference; lastKnownFileType = sourcecode.swift; path = AppDelegate.swift; sourceTree = "<group>"; };
		588C0C2F289E65600046B606 /* SceneDelegate.swift */ = {isa = PBXFileReference; lastKnownFileType = sourcecode.swift; path = SceneDelegate.swift; sourceTree = "<group>"; };
		588C0C34289E65600046B606 /* Base */ = {isa = PBXFileReference; lastKnownFileType = file.storyboard; name = Base; path = Base.lproj/Main.storyboard; sourceTree = "<group>"; };
		588C0C37289E65600046B606 /* Mobi_Uz_Project.xcdatamodel */ = {isa = PBXFileReference; lastKnownFileType = wrapper.xcdatamodel; path = Mobi_Uz_Project.xcdatamodel; sourceTree = "<group>"; };
		588C0C39289E65610046B606 /* Assets.xcassets */ = {isa = PBXFileReference; lastKnownFileType = folder.assetcatalog; path = Assets.xcassets; sourceTree = "<group>"; };
		588C0C3C289E65610046B606 /* Base */ = {isa = PBXFileReference; lastKnownFileType = file.storyboard; name = Base; path = Base.lproj/LaunchScreen.storyboard; sourceTree = "<group>"; };
		588C0C3E289E65610046B606 /* Info.plist */ = {isa = PBXFileReference; lastKnownFileType = text.plist.xml; path = Info.plist; sourceTree = "<group>"; };
		C381F205BEAC5B9829EE508D /* Pods-Mobi Uz Project.release.xcconfig */ = {isa = PBXFileReference; includeInIndex = 1; lastKnownFileType = text.xcconfig; name = "Pods-Mobi Uz Project.release.xcconfig"; path = "Target Support Files/Pods-Mobi Uz Project/Pods-Mobi Uz Project.release.xcconfig"; sourceTree = "<group>"; };
		D1BDE999EB65C61783EED613 /* Pods_Mobi_Uz_Project.framework */ = {isa = PBXFileReference; explicitFileType = wrapper.framework; includeInIndex = 0; path = Pods_Mobi_Uz_Project.framework; sourceTree = BUILT_PRODUCTS_DIR; };
		DE2DF72E03B2621441B1B82C /* Pods-Mobi Uz Project.debug.xcconfig */ = {isa = PBXFileReference; includeInIndex = 1; lastKnownFileType = text.xcconfig; name = "Pods-Mobi Uz Project.debug.xcconfig"; path = "Target Support Files/Pods-Mobi Uz Project/Pods-Mobi Uz Project.debug.xcconfig"; sourceTree = "<group>"; };
/* End PBXFileReference section */

/* Begin PBXFrameworksBuildPhase section */
		588C0C27289E65600046B606 /* Frameworks */ = {
			isa = PBXFrameworksBuildPhase;
			buildActionMask = 2147483647;
			files = (
				DEE99C94D871E827E86FDF71 /* Pods_Mobi_Uz_Project.framework in Frameworks */,
			);
			runOnlyForDeploymentPostprocessing = 0;
		};
/* End PBXFrameworksBuildPhase section */

/* Begin PBXGroup section */
		1CE78DEEE59662A2C8DEC805 /* Pods */ = {
			isa = PBXGroup;
			children = (
				DE2DF72E03B2621441B1B82C /* Pods-Mobi Uz Project.debug.xcconfig */,
				C381F205BEAC5B9829EE508D /* Pods-Mobi Uz Project.release.xcconfig */,
			);
			path = Pods;
			sourceTree = "<group>";
		};
		3643389F386BE952807B0EF8 /* Frameworks */ = {
			isa = PBXGroup;
			children = (
				D1BDE999EB65C61783EED613 /* Pods_Mobi_Uz_Project.framework */,
			);
			name = Frameworks;
			sourceTree = "<group>";
		};
		581406C7289E69C00039F10F /* Delegate */ = {
			isa = PBXGroup;
			children = (
				588C0C2D289E65600046B606 /* AppDelegate.swift */,
				588C0C2F289E65600046B606 /* SceneDelegate.swift */,
			);
			path = Delegate;
			sourceTree = "<group>";
		};
		581406C8289E69D30039F10F /* Main */ = {
			isa = PBXGroup;
			children = (
				588C0C33289E65600046B606 /* Main.storyboard */,
				588C0C3B289E65610046B606 /* LaunchScreen.storyboard */,
			);
			path = Main;
			sourceTree = "<group>";
		};
		581406C9289E69F20039F10F /* Controller */ = {
			isa = PBXGroup;
			children = (
				581406D1289E74270039F10F /* TabBaController.swift */,
			);
			path = Controller;
			sourceTree = "<group>";
		};
		581406CA289E72570039F10F /* TabBarController */ = {
			isa = PBXGroup;
			children = (
				581406CB289E726C0039F10F /* HomeView.swift */,
				580C9F8A28EAA3EB00D2F26B /* korzinka. .swift */,
				581406CF289E72860039F10F /* ProfileView.swift */,
			);
			path = TabBarController;
			sourceTree = "<group>";
		};
		582EF8BD289FC3130074638A /* Cell */ = {
			isa = PBXGroup;
			children = (
				582EF8BE289FC33B0074638A /* HomeImageCell.swift */,
			);
			path = Cell;
			sourceTree = "<group>";
		};
		583122FC28A508DE00298E53 /* Extension */ = {
			isa = PBXGroup;
			children = (
				583122FD28A508EB00298E53 /* ColorPage.swift */,
				583122FF28A5097200298E53 /* image.swift */,
			);
			path = Extension;
			sourceTree = "<group>";
		};
		588C0C21289E65600046B606 = {
			isa = PBXGroup;
			children = (
				588C0C2C289E65600046B606 /* Mobi Uz Project */,
				583122FC28A508DE00298E53 /* Extension */,
				588C0C2B289E65600046B606 /* Products */,
				1CE78DEEE59662A2C8DEC805 /* Pods */,
				3643389F386BE952807B0EF8 /* Frameworks */,
			);
			sourceTree = "<group>";
		};
		588C0C2B289E65600046B606 /* Products */ = {
			isa = PBXGroup;
			children = (
				588C0C2A289E65600046B606 /* Mobi Uz Project.app */,
			);
			name = Products;
			sourceTree = "<group>";
		};
		588C0C2C289E65600046B606 /* Mobi Uz Project */ = {
			isa = PBXGroup;
			children = (
				581406C9289E69F20039F10F /* Controller */,
				582EF8BD289FC3130074638A /* Cell */,
				581406CA289E72570039F10F /* TabBarController */,
				581406C8289E69D30039F10F /* Main */,
				581406C7289E69C00039F10F /* Delegate */,
				588C0C39289E65610046B606 /* Assets.xcassets */,
				588C0C3E289E65610046B606 /* Info.plist */,
				588C0C36289E65600046B606 /* Mobi_Uz_Project.xcdatamodeld */,
			);
			path = "Mobi Uz Project";
			sourceTree = "<group>";
		};
/* End PBXGroup section */

/* Begin PBXNativeTarget section */
		588C0C29289E65600046B606 /* Mobi Uz Project */ = {
			isa = PBXNativeTarget;
			buildConfigurationList = 588C0C41289E65610046B606 /* Build configuration list for PBXNativeTarget "Mobi Uz Project" */;
			buildPhases = (
				AFD4F34AC8B19DB10C073DE2 /* [CP] Check Pods Manifest.lock */,
				588C0C26289E65600046B606 /* Sources */,
				588C0C27289E65600046B606 /* Frameworks */,
				588C0C28289E65600046B606 /* Resources */,
				2FC5D9FFA917F3C7647CFA4F /* [CP] Embed Pods Frameworks */,
			);
			buildRules = (
			);
			dependencies = (
			);
			name = "Mobi Uz Project";
			productName = "Mobi Uz Project";
			productReference = 588C0C2A289E65600046B606 /* Mobi Uz Project.app */;
			productType = "com.apple.product-type.application";
		};
/* End PBXNativeTarget section */

/* Begin PBXProject section */
		588C0C22289E65600046B606 /* Project object */ = {
			isa = PBXProject;
			attributes = {
				BuildIndependentTargetsInParallel = 1;
				LastSwiftUpdateCheck = 1340;
				LastUpgradeCheck = 1340;
				TargetAttributes = {
					588C0C29289E65600046B606 = {
						CreatedOnToolsVersion = 13.4.1;
					};
				};
			};
			buildConfigurationList = 588C0C25289E65600046B606 /* Build configuration list for PBXProject "Mobi Uz Project" */;
			compatibilityVersion = "Xcode 13.0";
			developmentRegion = en;
			hasScannedForEncodings = 0;
			knownRegions = (
				en,
				Base,
			);
			mainGroup = 588C0C21289E65600046B606;
			productRefGroup = 588C0C2B289E65600046B606 /* Products */;
			projectDirPath = "";
			projectRoot = "";
			targets = (
				588C0C29289E65600046B606 /* Mobi Uz Project */,
			);
		};
/* End PBXProject section */

/* Begin PBXResourcesBuildPhase section */
		588C0C28289E65600046B606 /* Resources */ = {
			isa = PBXResourcesBuildPhase;
			buildActionMask = 2147483647;
			files = (
				588C0C3D289E65610046B606 /* LaunchScreen.storyboard in Resources */,
				588C0C3A289E65610046B606 /* Assets.xcassets in Resources */,
				588C0C35289E65600046B606 /* Main.storyboard in Resources */,
			);
			runOnlyForDeploymentPostprocessing = 0;
		};
/* End PBXResourcesBuildPhase section */

/* Begin PBXShellScriptBuildPhase section */
		2FC5D9FFA917F3C7647CFA4F /* [CP] Embed Pods Frameworks */ = {
			isa = PBXShellScriptBuildPhase;
			buildActionMask = 2147483647;
			files = (
			);
			inputFileListPaths = (
				"${PODS_ROOT}/Target Support Files/Pods-Mobi Uz Project/Pods-Mobi Uz Project-frameworks-${CONFIGURATION}-input-files.xcfilelist",
			);
			name = "[CP] Embed Pods Frameworks";
			outputFileListPaths = (
				"${PODS_ROOT}/Target Support Files/Pods-Mobi Uz Project/Pods-Mobi Uz Project-frameworks-${CONFIGURATION}-output-files.xcfilelist",
			);
			runOnlyForDeploymentPostprocessing = 0;
			shellPath = /bin/sh;
			shellScript = "\"${PODS_ROOT}/Target Support Files/Pods-Mobi Uz Project/Pods-Mobi Uz Project-frameworks.sh\"\n";
			showEnvVarsInLog = 0;
		};
		AFD4F34AC8B19DB10C073DE2 /* [CP] Check Pods Manifest.lock */ = {
			isa = PBXShellScriptBuildPhase;
			buildActionMask = 2147483647;
			files = (
			);
			inputFileListPaths = (
			);
			inputPaths = (
				"${PODS_PODFILE_DIR_PATH}/Podfile.lock",
				"${PODS_ROOT}/Manifest.lock",
			);
			name = "[CP] Check Pods Manifest.lock";
			outputFileListPaths = (
			);
			outputPaths = (
				"$(DERIVED_FILE_DIR)/Pods-Mobi Uz Project-checkManifestLockResult.txt",
			);
			runOnlyForDeploymentPostprocessing = 0;
			shellPath = /bin/sh;
			shellScript = "diff \"${PODS_PODFILE_DIR_PATH}/Podfile.lock\" \"${PODS_ROOT}/Manifest.lock\" > /dev/null\nif [ $? != 0 ] ; then\n    # print error to STDERR\n    echo \"error: The sandbox is not in sync with the Podfile.lock. Run 'pod install' or update your CocoaPods installation.\" >&2\n    exit 1\nfi\n# This output is used by Xcode 'outputs' to avoid re-running this script phase.\necho \"SUCCESS\" > \"${SCRIPT_OUTPUT_FILE_0}\"\n";
			showEnvVarsInLog = 0;
		};
/* End PBXShellScriptBuildPhase section */

/* Begin PBXSourcesBuildPhase section */
		588C0C26289E65600046B606 /* Sources */ = {
			isa = PBXSourcesBuildPhase;
			buildActionMask = 2147483647;
			files = (
				588C0C2E289E65600046B606 /* AppDelegate.swift in Sources */,
				588C0C30289E65600046B606 /* SceneDelegate.swift in Sources */,
				580C9F8B28EAA3EB00D2F26B /* korzinka. .swift in Sources */,
				583122FE28A508EB00298E53 /* ColorPage.swift in Sources */,
				582EF8BF289FC33B0074638A /* HomeImageCell.swift in Sources */,
				581406CC289E726C0039F10F /* HomeView.swift in Sources */,
				581406D0289E72860039F10F /* ProfileView.swift in Sources */,
				581406D2289E74270039F10F /* TabBaController.swift in Sources */,
				588C0C38289E65600046B606 /* Mobi_Uz_Project.xcdatamodeld in Sources */,
				5831230028A5097200298E53 /* image.swift in Sources */,
			);
			runOnlyForDeploymentPostprocessing = 0;
		};
/* End PBXSourcesBuildPhase section */

/* Begin PBXVariantGroup section */
		588C0C33289E65600046B606 /* Main.storyboard */ = {
			isa = PBXVariantGroup;
			children = (
				588C0C34289E65600046B606 /* Base */,
			);
			name = Main.storyboard;
			sourceTree = "<group>";
		};
		588C0C3B289E65610046B606 /* LaunchScreen.storyboard */ = {
			isa = PBXVariantGroup;
			children = (
				588C0C3C289E65610046B606 /* Base */,
			);
			name = LaunchScreen.storyboard;
			sourceTree = "<group>";
		};
/* End PBXVariantGroup section */

/* Begin XCBuildConfiguration section */
		588C0C3F289E65610046B606 /* Debug */ = {
			isa = XCBuildConfiguration;
			buildSettings = {
				ALWAYS_SEARCH_USER_PATHS = NO;
				CLANG_ANALYZER_NONNULL = YES;
				CLANG_ANALYZER_NUMBER_OBJECT_CONVERSION = YES_AGGRESSIVE;
				CLANG_CXX_LANGUAGE_STANDARD = "gnu++17";
				CLANG_ENABLE_MODULES = YES;
				CLANG_ENABLE_OBJC_ARC = YES;
				CLANG_ENABLE_OBJC_WEAK = YES;
				CLANG_WARN_BLOCK_CAPTURE_AUTORELEASING = YES;
				CLANG_WARN_BOOL_CONVERSION = YES;
				CLANG_WARN_COMMA = YES;
				CLANG_WARN_CONSTANT_CONVERSION = YES;
				CLANG_WARN_DEPRECATED_OBJC_IMPLEMENTATIONS = YES;
				CLANG_WARN_DIRECT_OBJC_ISA_USAGE = YES_ERROR;
				CLANG_WARN_DOCUMENTATION_COMMENTS = YES;
				CLANG_WARN_EMPTY_BODY = YES;
				CLANG_WARN_ENUM_CONVERSION = YES;
				CLANG_WARN_INFINITE_RECURSION = YES;
				CLANG_WARN_INT_CONVERSION = YES;
				CLANG_WARN_NON_LITERAL_NULL_CONVERSION = YES;
				CLANG_WARN_OBJC_IMPLICIT_RETAIN_SELF = YES;
				CLANG_WARN_OBJC_LITERAL_CONVERSION = YES;
				CLANG_WARN_OBJC_ROOT_CLASS = YES_ERROR;
				CLANG_WARN_QUOTED_INCLUDE_IN_FRAMEWORK_HEADER = YES;
				CLANG_WARN_RANGE_LOOP_ANALYSIS = YES;
				CLANG_WARN_STRICT_PROTOTYPES = YES;
				CLANG_WARN_SUSPICIOUS_MOVE = YES;
				CLANG_WARN_UNGUARDED_AVAILABILITY = YES_AGGRESSIVE;
				CLANG_WARN_UNREACHABLE_CODE = YES;
				CLANG_WARN__DUPLICATE_METHOD_MATCH = YES;
				COPY_PHASE_STRIP = NO;
				DEBUG_INFORMATION_FORMAT = dwarf;
				ENABLE_STRICT_OBJC_MSGSEND = YES;
				ENABLE_TESTABILITY = YES;
				GCC_C_LANGUAGE_STANDARD = gnu11;
				GCC_DYNAMIC_NO_PIC = NO;
				GCC_NO_COMMON_BLOCKS = YES;
				GCC_OPTIMIZATION_LEVEL = 0;
				GCC_PREPROCESSOR_DEFINITIONS = (
					"DEBUG=1",
					"$(inherited)",
				);
				GCC_WARN_64_TO_32_BIT_CONVERSION = YES;
				GCC_WARN_ABOUT_RETURN_TYPE = YES_ERROR;
				GCC_WARN_UNDECLARED_SELECTOR = YES;
				GCC_WARN_UNINITIALIZED_AUTOS = YES_AGGRESSIVE;
				GCC_WARN_UNUSED_FUNCTION = YES;
				GCC_WARN_UNUSED_VARIABLE = YES;
				IPHONEOS_DEPLOYMENT_TARGET = 15.5;
				MTL_ENABLE_DEBUG_INFO = INCLUDE_SOURCE;
				MTL_FAST_MATH = YES;
				ONLY_ACTIVE_ARCH = YES;
				SDKROOT = iphoneos;
				SWIFT_ACTIVE_COMPILATION_CONDITIONS = DEBUG;
				SWIFT_OPTIMIZATION_LEVEL = "-Onone";
			};
			name = Debug;
		};
		588C0C40289E65610046B606 /* Release */ = {
			isa = XCBuildConfiguration;
			buildSettings = {
				ALWAYS_SEARCH_USER_PATHS = NO;
				CLANG_ANALYZER_NONNULL = YES;
				CLANG_ANALYZER_NUMBER_OBJECT_CONVERSION = YES_AGGRESSIVE;
				CLANG_CXX_LANGUAGE_STANDARD = "gnu++17";
				CLANG_ENABLE_MODULES = YES;
				CLANG_ENABLE_OBJC_ARC = YES;
				CLANG_ENABLE_OBJC_WEAK = YES;
				CLANG_WARN_BLOCK_CAPTURE_AUTORELEASING = YES;
				CLANG_WARN_BOOL_CONVERSION = YES;
				CLANG_WARN_COMMA = YES;
				CLANG_WARN_CONSTANT_CONVERSION = YES;
				CLANG_WARN_DEPRECATED_OBJC_IMPLEMENTATIONS = YES;
				CLANG_WARN_DIRECT_OBJC_ISA_USAGE = YES_ERROR;
				CLANG_WARN_DOCUMENTATION_COMMENTS = YES;
				CLANG_WARN_EMPTY_BODY = YES;
				CLANG_WARN_ENUM_CONVERSION = YES;
				CLANG_WARN_INFINITE_RECURSION = YES;
				CLANG_WARN_INT_CONVERSION = YES;
				CLANG_WARN_NON_LITERAL_NULL_CONVERSION = YES;
				CLANG_WARN_OBJC_IMPLICIT_RETAIN_SELF = YES;
				CLANG_WARN_OBJC_LITERAL_CONVERSION = YES;
				CLANG_WARN_OBJC_ROOT_CLASS = YES_ERROR;
				CLANG_WARN_QUOTED_INCLUDE_IN_FRAMEWORK_HEADER = YES;
				CLANG_WARN_RANGE_LOOP_ANALYSIS = YES;
				CLANG_WARN_STRICT_PROTOTYPES = YES;
				CLANG_WARN_SUSPICIOUS_MOVE = YES;
				CLANG_WARN_UNGUARDED_AVAILABILITY = YES_AGGRESSIVE;
				CLANG_WARN_UNREACHABLE_CODE = YES;
				CLANG_WARN__DUPLICATE_METHOD_MATCH = YES;
				COPY_PHASE_STRIP = NO;
				DEBUG_INFORMATION_FORMAT = "dwarf-with-dsym";
				ENABLE_NS_ASSERTIONS = NO;
				ENABLE_STRICT_OBJC_MSGSEND = YES;
				GCC_C_LANGUAGE_STANDARD = gnu11;
				GCC_NO_COMMON_BLOCKS = YES;
				GCC_WARN_64_TO_32_BIT_CONVERSION = YES;
				GCC_WARN_ABOUT_RETURN_TYPE = YES_ERROR;
				GCC_WARN_UNDECLARED_SELECTOR = YES;
				GCC_WARN_UNINITIALIZED_AUTOS = YES_AGGRESSIVE;
				GCC_WARN_UNUSED_FUNCTION = YES;
				GCC_WARN_UNUSED_VARIABLE = YES;
				IPHONEOS_DEPLOYMENT_TARGET = 15.5;
				MTL_ENABLE_DEBUG_INFO = NO;
				MTL_FAST_MATH = YES;
				SDKROOT = iphoneos;
				SWIFT_COMPILATION_MODE = wholemodule;
				SWIFT_OPTIMIZATION_LEVEL = "-O";
				VALIDATE_PRODUCT = YES;
			};
			name = Release;
		};
		588C0C42289E65610046B606 /* Debug */ = {
			isa = XCBuildConfiguration;
			baseConfigurationReference = DE2DF72E03B2621441B1B82C /* Pods-Mobi Uz Project.debug.xcconfig */;
			buildSettings = {
				ASSETCATALOG_COMPILER_APPICON_NAME = AppIcon;
				ASSETCATALOG_COMPILER_GLOBAL_ACCENT_COLOR_NAME = AccentColor;
				CODE_SIGN_STYLE = Automatic;
				CURRENT_PROJECT_VERSION = 1;
				DEVELOPMENT_TEAM = 76H9Z8FN69;
				GENERATE_INFOPLIST_FILE = YES;
				INFOPLIST_FILE = "Mobi Uz Project/Info.plist";
				INFOPLIST_KEY_UIApplicationSupportsIndirectInputEvents = YES;
				INFOPLIST_KEY_UILaunchStoryboardName = LaunchScreen;
				INFOPLIST_KEY_UIMainStoryboardFile = Main;
				INFOPLIST_KEY_UISupportedInterfaceOrientations_iPad = "UIInterfaceOrientationPortrait UIInterfaceOrientationPortraitUpsideDown UIInterfaceOrientationLandscapeLeft UIInterfaceOrientationLandscapeRight";
				INFOPLIST_KEY_UISupportedInterfaceOrientations_iPhone = "UIInterfaceOrientationPortrait UIInterfaceOrientationLandscapeLeft UIInterfaceOrientationLandscapeRight";
				LD_RUNPATH_SEARCH_PATHS = (
					"$(inherited)",
					"@executable_path/Frameworks",
				);
				MARKETING_VERSION = 1.0;
				PRODUCT_BUNDLE_IDENTIFIER = "integer.com.Mobi-Uz-Project";
				PRODUCT_NAME = "$(TARGET_NAME)";
				SWIFT_EMIT_LOC_STRINGS = YES;
				SWIFT_VERSION = 5.0;
				TARGETED_DEVICE_FAMILY = "1,2";
			};
			name = Debug;
		};
		588C0C43289E65610046B606 /* Release */ = {
			isa = XCBuildConfiguration;
			baseConfigurationReference = C381F205BEAC5B9829EE508D /* Pods-Mobi Uz Project.release.xcconfig */;
			buildSettings = {
				ASSETCATALOG_COMPILER_APPICON_NAME = AppIcon;
				ASSETCATALOG_COMPILER_GLOBAL_ACCENT_COLOR_NAME = AccentColor;
				CODE_SIGN_STYLE = Automatic;
				CURRENT_PROJECT_VERSION = 1;
				DEVELOPMENT_TEAM = 76H9Z8FN69;
				GENERATE_INFOPLIST_FILE = YES;
				INFOPLIST_FILE = "Mobi Uz Project/Info.plist";
				INFOPLIST_KEY_UIApplicationSupportsIndirectInputEvents = YES;
				INFOPLIST_KEY_UILaunchStoryboardName = LaunchScreen;
				INFOPLIST_KEY_UIMainStoryboardFile = Main;
				INFOPLIST_KEY_UISupportedInterfaceOrientations_iPad = "UIInterfaceOrientationPortrait UIInterfaceOrientationPortraitUpsideDown UIInterfaceOrientationLandscapeLeft UIInterfaceOrientationLandscapeRight";
				INFOPLIST_KEY_UISupportedInterfaceOrientations_iPhone = "UIInterfaceOrientationPortrait UIInterfaceOrientationLandscapeLeft UIInterfaceOrientationLandscapeRight";
				LD_RUNPATH_SEARCH_PATHS = (
					"$(inherited)",
					"@executable_path/Frameworks",
				);
				MARKETING_VERSION = 1.0;
				PRODUCT_BUNDLE_IDENTIFIER = "integer.com.Mobi-Uz-Project";
				PRODUCT_NAME = "$(TARGET_NAME)";
				SWIFT_EMIT_LOC_STRINGS = YES;
				SWIFT_VERSION = 5.0;
				TARGETED_DEVICE_FAMILY = "1,2";
			};
			name = Release;
		};
/* End XCBuildConfiguration section */

/* Begin XCConfigurationList section */
		588C0C25289E65600046B606 /* Build configuration list for PBXProject "Mobi Uz Project" */ = {
			isa = XCConfigurationList;
			buildConfigurations = (
				588C0C3F289E65610046B606 /* Debug */,
				588C0C40289E65610046B606 /* Release */,
			);
			defaultConfigurationIsVisible = 0;
			defaultConfigurationName = Release;
		};
		588C0C41289E65610046B606 /* Build configuration list for PBXNativeTarget "Mobi Uz Project" */ = {
			isa = XCConfigurationList;
			buildConfigurations = (
				588C0C42289E65610046B606 /* Debug */,
				588C0C43289E65610046B606 /* Release */,
			);
			defaultConfigurationIsVisible = 0;
			defaultConfigurationName = Release;
		};
/* End XCConfigurationList section */

/* Begin XCVersionGroup section */
		588C0C36289E65600046B606 /* Mobi_Uz_Project.xcdatamodeld */ = {
			isa = XCVersionGroup;
			children = (
				588C0C37289E65600046B606 /* Mobi_Uz_Project.xcdatamodel */,
			);
			currentVersion = 588C0C37289E65600046B606 /* Mobi_Uz_Project.xcdatamodel */;
			path = Mobi_Uz_Project.xcdatamodeld;
			sourceTree = "<group>";
			versionGroupType = wrapper.xcdatamodel;
		};
/* End XCVersionGroup section */
	};
	rootObject = 588C0C22289E65600046B606 /* Project object */;
}
